
Microsoft Visual Studio Solution File, Format Version 12.00
# Visual Studio Version 17
VisualStudioVersion = 17.13.35913.81
MinimumVisualStudioVersion = 10.0.40219.1
Project("{FAE04EC0-301F-11D3-BF4B-00C04F79EFBC}") = "FilterText", "FilterText\FilterText.csproj", "{CC9EAB05-CD5C-4780-A7AE-B9B6D5A35E06}"
EndProject
Project("{FAE04EC0-301F-11D3-BF4B-00C04F79EFBC}") = "FilterTextApplication", "FilterTextApplication\FilterTextApplication.csproj", "{DB0E4FCF-618B-4CC6-BF5D-52C4415C87E4}"
EndProject
Project("{FAE04EC0-301F-11D3-BF4B-00C04F79EFBC}") = "UnitTests", "UnitTests\UnitTests.csproj", "{9FF3B649-1C6E-473E-BED0-726E4BE04451}"
EndProject
Global
	GlobalSection(SolutionConfigurationPlatforms) = preSolution
		Debug|Any CPU = Debug|Any CPU
		Release|Any CPU = Release|Any CPU
	EndGlobalSection
	GlobalSection(ProjectConfigurationPlatforms) = postSolution
		{CC9EAB05-CD5C-4780-A7AE-B9B6D5A35E06}.Debug|Any CPU.ActiveCfg = Debug|Any CPU
		{CC9EAB05-CD5C-4780-A7AE-B9B6D5A35E06}.Debug|Any CPU.Build.0 = Debug|Any CPU
		{CC9EAB05-CD5C-4780-A7AE-B9B6D5A35E06}.Release|Any CPU.ActiveCfg = Release|Any CPU
		{CC9EAB05-CD5C-4780-A7AE-B9B6D5A35E06}.Release|Any CPU.Build.0 = Release|Any CPU
		{DB0E4FCF-618B-4CC6-BF5D-52C4415C87E4}.Debug|Any CPU.ActiveCfg = Debug|Any CPU
		{DB0E4FCF-618B-4CC6-BF5D-52C4415C87E4}.Debug|Any CPU.Build.0 = Debug|Any CPU
		{DB0E4FCF-618B-4CC6-BF5D-52C4415C87E4}.Release|Any CPU.ActiveCfg = Release|Any CPU
		{DB0E4FCF-618B-4CC6-BF5D-52C4415C87E4}.Release|Any CPU.Build.0 = Release|Any CPU
		{9FF3B649-1C6E-473E-BED0-726E4BE04451}.Debug|Any CPU.ActiveCfg = Debug|Any CPU
		{9FF3B649-1C6E-473E-BED0-726E4BE04451}.Debug|Any CPU.Build.0 = Debug|Any CPU
		{9FF3B649-1C6E-473E-BED0-726E4BE04451}.Release|Any CPU.ActiveCfg = Release|Any CPU
		{9FF3B649-1C6E-473E-BED0-726E4BE04451}.Release|Any CPU.Build.0 = Release|Any CPU
	EndGlobalSection
	GlobalSection(SolutionProperties) = preSolution
		HideSolutionNode = FALSE
	EndGlobalSection
	GlobalSection(ExtensibilityGlobals) = postSolution
		SolutionGuid = {08D89430-F6E3-4854-9449-9DAC081155D3}
	EndGlobalSection
EndGlobal
